<Solution>
  <Project Path="LegalDocsPro.Api/LegalDocsPro.Api.csproj" />
  <Project Path="LegalDocsPro.Application/LegalDocsPro.Application.csproj" />
  <Project Path="LegalDocsPro.Domain/LegalDocsPro.Domain.csproj" />
  <Project Path="LegalDocsPro.Infrastructure/LegalDocsPro.Infrastructure.csproj" />
  <Project Path="tests/LegalDocsPro.Domain.Tests/LegalDocsPro.Domain.Tests.csproj" />
</Solution>
